// !$*UTF8*$!
{
	archiveVersion = 1;
	classes = {
	};
	objectVersion = 46;
	objects = {

/* Begin PBXBuildFile section */
		701E43EA1B92D66D00B7A5AA /* AppDelegate.swift in Sources */ = {isa = PBXBuildFile; fileRef = 701E43E91B92D66D00B7A5AA /* AppDelegate.swift */; };
		701E43EC1B92D66D00B7A5AA /* ViewController.swift in Sources */ = {isa = PBXBuildFile; fileRef = 701E43EB1B92D66D00B7A5AA /* ViewController.swift */; };
		701E43EF1B92D66D00B7A5AA /* Main.storyboard in Resources */ = {isa = PBXBuildFile; fileRef = 701E43ED1B92D66D00B7A5AA /* Main.storyboard */; };
		701E43F11B92D66D00B7A5AA /* Images.xcassets in Resources */ = {isa = PBXBuildFile; fileRef = 701E43F01B92D66D00B7A5AA /* Images.xcassets */; };
		701E43F41B92D66D00B7A5AA /* LaunchScreen.xib in Resources */ = {isa = PBXBuildFile; fileRef = 701E43F21B92D66D00B7A5AA /* LaunchScreen.xib */; };
		701E44001B92D66D00B7A5AA /* Golden_RatioTests.swift in Sources */ = {isa = PBXBuildFile; fileRef = 701E43FF1B92D66D00B7A5AA /* Golden_RatioTests.swift */; };
		7034FD7D1B92E63300757C29 /* JMBackgroundCameraView.swift in Sources */ = {isa = PBXBuildFile; fileRef = 7034FD7C1B92E63300757C29 /* JMBackgroundCameraView.swift */; };
		7034FD7F1B92E6DA00757C29 /* UIKit.framework in Frameworks */ = {isa = PBXBuildFile; fileRef = 7034FD7E1B92E6DA00757C29 /* UIKit.framework */; };
		7034FD811B92E70500757C29 /* AVFoundation.framework in Frameworks */ = {isa = PBXBuildFile; fileRef = 7034FD801B92E70500757C29 /* AVFoundation.framework */; };
		7034FD831B92E70D00757C29 /* Foundation.framework in Frameworks */ = {isa = PBXBuildFile; fileRef = 7034FD821B92E70D00757C29 /* Foundation.framework */; };
/* End PBXBuildFile section */

/* Begin PBXContainerItemProxy section */
		701E43FA1B92D66D00B7A5AA /* PBXContainerItemProxy */ = {
			isa = PBXContainerItemProxy;
			containerPortal = 701E43DC1B92D66D00B7A5AA /* Project object */;
			proxyType = 1;
			remoteGlobalIDString = 701E43E31B92D66D00B7A5AA;
			remoteInfo = "Golden Ratio";
		};
/* End PBXContainerItemProxy section */

/* Begin PBXFileReference section */
		701E43E41B92D66D00B7A5AA /* Golden Ratio.app */ = {isa = PBXFileReference; explicitFileType = wrapper.application; includeInIndex = 0; path = "Golden Ratio.app"; sourceTree = BUILT_PRODUCTS_DIR; };
		701E43E81B92D66D00B7A5AA /* Info.plist */ = {isa = PBXFileReference; lastKnownFileType = text.plist.xml; path = Info.plist; sourceTree = "<group>"; };
		701E43E91B92D66D00B7A5AA /* AppDelegate.swift */ = {isa = PBXFileReference; lastKnownFileType = sourcecode.swift; path = AppDelegate.swift; sourceTree = "<group>"; };
		701E43EB1B92D66D00B7A5AA /* ViewController.swift */ = {isa = PBXFileReference; lastKnownFileType = sourcecode.swift; path = ViewController.swift; sourceTree = "<group>"; };
		701E43EE1B92D66D00B7A5AA /* Base */ = {isa = PBXFileReference; lastKnownFileType = file.storyboard; name = Base; path = Base.lproj/Main.storyboard; sourceTree = "<group>"; };
		701E43F01B92D66D00B7A5AA /* Images.xcassets */ = {isa = PBXFileReference; lastKnownFileType = folder.assetcatalog; path = Images.xcassets; sourceTree = "<group>"; };
		701E43F31B92D66D00B7A5AA /* Base */ = {isa = PBXFileReference; lastKnownFileType = file.xib; name = Base; path = Base.lproj/LaunchScreen.xib; sourceTree = "<group>"; };
		701E43F91B92D66D00B7A5AA /* Golden RatioTests.xctest */ = {isa = PBXFileReference; explicitFileType = wrapper.cfbundle; includeInIndex = 0; path = "Golden RatioTests.xctest"; sourceTree = BUILT_PRODUCTS_DIR; };
		701E43FE1B92D66D00B7A5AA /* Info.plist */ = {isa = PBXFileReference; lastKnownFileType = text.plist.xml; path = Info.plist; sourceTree = "<group>"; };
		701E43FF1B92D66D00B7A5AA /* Golden_RatioTests.swift */ = {isa = PBXFileReference; lastKnownFileType = sourcecode.swift; path = Golden_RatioTests.swift; sourceTree = "<group>"; };
		7034FD7C1B92E63300757C29 /* JMBackgroundCameraView.swift */ = {isa = PBXFileReference; fileEncoding = 4; lastKnownFileType = sourcecode.swift; path = JMBackgroundCameraView.swift; sourceTree = "<group>"; };
		7034FD7E1B92E6DA00757C29 /* UIKit.framework */ = {isa = PBXFileReference; lastKnownFileType = wrapper.framework; name = UIKit.framework; path = System/Library/Frameworks/UIKit.framework; sourceTree = SDKROOT; };
		7034FD801B92E70500757C29 /* AVFoundation.framework */ = {isa = PBXFileReference; lastKnownFileType = wrapper.framework; name = AVFoundation.framework; path = System/Library/Frameworks/AVFoundation.framework; sourceTree = SDKROOT; };
		7034FD821B92E70D00757C29 /* Foundation.framework */ = {isa = PBXFileReference; lastKnownFileType = wrapper.framework; name = Foundation.framework; path = System/Library/Frameworks/Foundation.framework; sourceTree = SDKROOT; };
/* End PBXFileReference section */

/* Begin PBXFrameworksBuildPhase section */
		701E43E11B92D66D00B7A5AA /* Frameworks */ = {
			isa = PBXFrameworksBuildPhase;
			buildActionMask = 2147483647;
			files = (
				7034FD831B92E70D00757C29 /* Foundation.framework in Frameworks */,
				7034FD811B92E70500757C29 /* AVFoundation.framework in Frameworks */,
				7034FD7F1B92E6DA00757C29 /* UIKit.framework in Frameworks */,
			);
			runOnlyForDeploymentPostprocessing = 0;
		};
		701E43F61B92D66D00B7A5AA /* Frameworks */ = {
			isa = PBXFrameworksBuildPhase;
			buildActionMask = 2147483647;
			files = (
			);
			runOnlyForDeploymentPostprocessing = 0;
		};
/* End PBXFrameworksBuildPhase section */

/* Begin PBXGroup section */
		701E43DB1B92D66D00B7A5AA = {
			isa = PBXGroup;
			children = (
				7034FD821B92E70D00757C29 /* Foundation.framework */,
				7034FD801B92E70500757C29 /* AVFoundation.framework */,
				7034FD7E1B92E6DA00757C29 /* UIKit.framework */,
				701E43E61B92D66D00B7A5AA /* Golden Ratio */,
				701E43FC1B92D66D00B7A5AA /* Golden RatioTests */,
				701E43E51B92D66D00B7A5AA /* Products */,
			);
			sourceTree = "<group>";
		};
		701E43E51B92D66D00B7A5AA /* Products */ = {
			isa = PBXGroup;
			children = (
				701E43E41B92D66D00B7A5AA /* Golden Ratio.app */,
				701E43F91B92D66D00B7A5AA /* Golden RatioTests.xctest */,
			);
			name = Products;
			sourceTree = "<group>";
		};
		701E43E61B92D66D00B7A5AA /* Golden Ratio */ = {
			isa = PBXGroup;
			children = (
				701E43E91B92D66D00B7A5AA /* AppDelegate.swift */,
				701E43EB1B92D66D00B7A5AA /* ViewController.swift */,
				7034FD7C1B92E63300757C29 /* JMBackgroundCameraView.swift */,
				701E43ED1B92D66D00B7A5AA /* Main.storyboard */,
				701E43F01B92D66D00B7A5AA /* Images.xcassets */,
				701E43F21B92D66D00B7A5AA /* LaunchScreen.xib */,
				701E43E71B92D66D00B7A5AA /* Supporting Files */,
			);
			path = "Golden Ratio";
			sourceTree = "<group>";
		};
		701E43E71B92D66D00B7A5AA /* Supporting Files */ = {
			isa = PBXGroup;
			children = (
				701E43E81B92D66D00B7A5AA /* Info.plist */,
			);
			name = "Supporting Files";
			sourceTree = "<group>";
		};
		701E43FC1B92D66D00B7A5AA /* Golden RatioTests */ = {
			isa = PBXGroup;
			children = (
				701E43FF1B92D66D00B7A5AA /* Golden_RatioTests.swift */,
				701E43FD1B92D66D00B7A5AA /* Supporting Files */,
			);
			path = "Golden RatioTests";
			sourceTree = "<group>";
		};
		701E43FD1B92D66D00B7A5AA /* Supporting Files */ = {
			isa = PBXGroup;
			children = (
				701E43FE1B92D66D00B7A5AA /* Info.plist */,
			);
			name = "Supporting Files";
			sourceTree = "<group>";
		};
/* End PBXGroup section */

/* Begin PBXNativeTarget section */
		701E43E31B92D66D00B7A5AA /* Golden Ratio */ = {
			isa = PBXNativeTarget;
			buildConfigurationList = 701E44031B92D66D00B7A5AA /* Build configuration list for PBXNativeTarget "Golden Ratio" */;
			buildPhases = (
				701E43E01B92D66D00B7A5AA /* Sources */,
				701E43E11B92D66D00B7A5AA /* Frameworks */,
				701E43E21B92D66D00B7A5AA /* Resources */,
			);
			buildRules = (
			);
			dependencies = (
			);
			name = "Golden Ratio";
			productName = "Golden Ratio";
			productReference = 701E43E41B92D66D00B7A5AA /* Golden Ratio.app */;
			productType = "com.apple.product-type.application";
		};
		701E43F81B92D66D00B7A5AA /* Golden RatioTests */ = {
			isa = PBXNativeTarget;
			buildConfigurationList = 701E44061B92D66D00B7A5AA /* Build configuration list for PBXNativeTarget "Golden RatioTests" */;
			buildPhases = (
				701E43F51B92D66D00B7A5AA /* Sources */,
				701E43F61B92D66D00B7A5AA /* Frameworks */,
				701E43F71B92D66D00B7A5AA /* Resources */,
			);
			buildRules = (
			);
			dependencies = (
				701E43FB1B92D66D00B7A5AA /* PBXTargetDependency */,
			);
			name = "Golden RatioTests";
			productName = "Golden RatioTests";
			productReference = 701E43F91B92D66D00B7A5AA /* Golden RatioTests.xctest */;
			productType = "com.apple.product-type.bundle.unit-test";
		};
/* End PBXNativeTarget section */

/* Begin PBXProject section */
		701E43DC1B92D66D00B7A5AA /* Project object */ = {
			isa = PBXProject;
			attributes = {
				LastUpgradeCheck = 0640;
				ORGANIZATIONNAME = "Som, Mal";
				TargetAttributes = {
					701E43E31B92D66D00B7A5AA = {
						CreatedOnToolsVersion = 6.4;
					};
					701E43F81B92D66D00B7A5AA = {
						CreatedOnToolsVersion = 6.4;
						TestTargetID = 701E43E31B92D66D00B7A5AA;
					};
				};
			};
			buildConfigurationList = 701E43DF1B92D66D00B7A5AA /* Build configuration list for PBXProject "Golden Ratio" */;
			compatibilityVersion = "Xcode 3.2";
			developmentRegion = English;
			hasScannedForEncodings = 0;
			knownRegions = (
				en,
				Base,
			);
			mainGroup = 701E43DB1B92D66D00B7A5AA;
			productRefGroup = 701E43E51B92D66D00B7A5AA /* Products */;
			projectDirPath = "";
			projectRoot = "";
			targets = (
				701E43E31B92D66D00B7A5AA /* Golden Ratio */,
				701E43F81B92D66D00B7A5AA /* Golden RatioTests */,
			);
		};
/* End PBXProject section */

/* Begin PBXResourcesBuildPhase section */
		701E43E21B92D66D00B7A5AA /* Resources */ = {
			isa = PBXResourcesBuildPhase;
			buildActionMask = 2147483647;
			files = (
				701E43EF1B92D66D00B7A5AA /* Main.storyboard in Resources */,
				701E43F41B92D66D00B7A5AA /* LaunchScreen.xib in Resources */,
				701E43F11B92D66D00B7A5AA /* Images.xcassets in Resources */,
			);
			runOnlyForDeploymentPostprocessing = 0;
		};
		701E43F71B92D66D00B7A5AA /* Resources */ = {
			isa = PBXResourcesBuildPhase;
			buildActionMask = 2147483647;
			files = (
			);
			runOnlyForDeploymentPostprocessing = 0;
		};
/* End PBXResourcesBuildPhase section */

/* Begin PBXSourcesBuildPhase section */
		701E43E01B92D66D00B7A5AA /* Sources */ = {
			isa = PBXSourcesBuildPhase;
			buildActionMask = 2147483647;
			files = (
				701E43EC1B92D66D00B7A5AA /* ViewController.swift in Sources */,
				701E43EA1B92D66D00B7A5AA /* AppDelegate.swift in Sources */,
				7034FD7D1B92E63300757C29 /* JMBackgroundCameraView.swift in Sources */,
			);
			runOnlyForDeploymentPostprocessing = 0;
		};
		701E43F51B92D66D00B7A5AA /* Sources */ = {
			isa = PBXSourcesBuildPhase;
			buildActionMask = 2147483647;
			files = (
				701E44001B92D66D00B7A5AA /* Golden_RatioTests.swift in Sources */,
			);
			runOnlyForDeploymentPostprocessing = 0;
		};
/* End PBXSourcesBuildPhase section */

/* Begin PBXTargetDependency section */
		701E43FB1B92D66D00B7A5AA /* PBXTargetDependency */ = {
			isa = PBXTargetDependency;
			target = 701E43E31B92D66D00B7A5AA /* Golden Ratio */;
			targetProxy = 701E43FA1B92D66D00B7A5AA /* PBXContainerItemProxy */;
		};
/* End PBXTargetDependency section */

/* Begin PBXVariantGroup section */
		701E43ED1B92D66D00B7A5AA /* Main.storyboard */ = {
			isa = PBXVariantGroup;
			children = (
				701E43EE1B92D66D00B7A5AA /* Base */,
			);
			name = Main.storyboard;
			sourceTree = "<group>";
		};
		701E43F21B92D66D00B7A5AA /* LaunchScreen.xib */ = {
			isa = PBXVariantGroup;
			children = (
				701E43F31B92D66D00B7A5AA /* Base */,
			);
			name = LaunchScreen.xib;
			sourceTree = "<group>";
		};
/* End PBXVariantGroup section */

/* Begin XCBuildConfiguration section */
		701E44011B92D66D00B7A5AA /* Debug */ = {
			isa = XCBuildConfiguration;
			buildSettings = {
				ALWAYS_SEARCH_USER_PATHS = NO;
				CLANG_CXX_LANGUAGE_STANDARD = "gnu++0x";
				CLANG_CXX_LIBRARY = "libc++";
				CLANG_ENABLE_MODULES = YES;
				CLANG_ENABLE_OBJC_ARC = YES;
				CLANG_WARN_BOOL_CONVERSION = YES;
				CLANG_WARN_CONSTANT_CONVERSION = YES;
				CLANG_WARN_DIRECT_OBJC_ISA_USAGE = YES_ERROR;
				CLANG_WARN_EMPTY_BODY = YES;
				CLANG_WARN_ENUM_CONVERSION = YES;
				CLANG_WARN_INT_CONVERSION = YES;
				CLANG_WARN_OBJC_ROOT_CLASS = YES_ERROR;
				CLANG_WARN_UNREACHABLE_CODE = YES;
				CLANG_WARN__DUPLICATE_METHOD_MATCH = YES;
				"CODE_SIGN_IDENTITY[sdk=iphoneos*]" = "iPhone Developer";
				COPY_PHASE_STRIP = NO;
				DEBUG_INFORMATION_FORMAT = "dwarf-with-dsym";
				ENABLE_STRICT_OBJC_MSGSEND = YES;
				GCC_C_LANGUAGE_STANDARD = gnu99;
				GCC_DYNAMIC_NO_PIC = NO;
				GCC_NO_COMMON_BLOCKS = YES;
				GCC_OPTIMIZATION_LEVEL = 0;
				GCC_PREPROCESSOR_DEFINITIONS = (
					"DEBUG=1",
					"$(inherited)",
				);
				GCC_SYMBOLS_PRIVATE_EXTERN = NO;
				GCC_WARN_64_TO_32_BIT_CONVERSION = YES;
				GCC_WARN_ABOUT_RETURN_TYPE = YES_ERROR;
				GCC_WARN_UNDECLARED_SELECTOR = YES;
				GCC_WARN_UNINITIALIZED_AUTOS = YES_AGGRESSIVE;
				GCC_WARN_UNUSED_FUNCTION = YES;
				GCC_WARN_UNUSED_VARIABLE = YES;
				IPHONEOS_DEPLOYMENT_TARGET = 8.4;
				MTL_ENABLE_DEBUG_INFO = YES;
				ONLY_ACTIVE_ARCH = YES;
				SDKROOT = iphoneos;
				SWIFT_OPTIMIZATION_LEVEL = "-Onone";
			};
			name = Debug;
		};
		701E44021B92D66D00B7A5AA /* Release */ = {
			isa = XCBuildConfiguration;
			buildSettings = {
				ALWAYS_SEARCH_USER_PATHS = NO;
				CLANG_CXX_LANGUAGE_STANDARD = "gnu++0x";
				CLANG_CXX_LIBRARY = "libc++";
				CLANG_ENABLE_MODULES = YES;
				CLANG_ENABLE_OBJC_ARC = YES;
				CLANG_WARN_BOOL_CONVERSION = YES;
				CLANG_WARN_CONSTANT_CONVERSION = YES;
				CLANG_WARN_DIRECT_OBJC_ISA_USAGE = YES_ERROR;
				CLANG_WARN_EMPTY_BODY = YES;
				CLANG_WARN_ENUM_CONVERSION = YES;
				CLANG_WARN_INT_CONVERSION = YES;
				CLANG_WARN_OBJC_ROOT_CLASS = YES_ERROR;
				CLANG_WARN_UNREACHABLE_CODE = YES;
				CLANG_WARN__DUPLICATE_METHOD_MATCH = YES;
				"CODE_SIGN_IDENTITY[sdk=iphoneos*]" = "iPhone Developer";
				COPY_PHASE_STRIP = NO;
				DEBUG_INFORMATION_FORMAT = "dwarf-with-dsym";
				ENABLE_NS_ASSERTIONS = NO;
				ENABLE_STRICT_OBJC_MSGSEND = YES;
				GCC_C_LANGUAGE_STANDARD = gnu99;
				GCC_NO_COMMON_BLOCKS = YES;
				GCC_WARN_64_TO_32_BIT_CONVERSION = YES;
				GCC_WARN_ABOUT_RETURN_TYPE = YES_ERROR;
				GCC_WARN_UNDECLARED_SELECTOR = YES;
				GCC_WARN_UNINITIALIZED_AUTOS = YES_AGGRESSIVE;
				GCC_WARN_UNUSED_FUNCTION = YES;
				GCC_WARN_UNUSED_VARIABLE = YES;
				IPHONEOS_DEPLOYMENT_TARGET = 8.4;
				MTL_ENABLE_DEBUG_INFO = NO;
				SDKROOT = iphoneos;
				VALIDATE_PRODUCT = YES;
			};
			name = Release;
		};
		701E44041B92D66D00B7A5AA /* Debug */ = {
			isa = XCBuildConfiguration;
			buildSettings = {
				ASSETCATALOG_COMPILER_APPICON_NAME = AppIcon;
				INFOPLIST_FILE = "Golden Ratio/Info.plist";
				LD_RUNPATH_SEARCH_PATHS = "$(inherited) @executable_path/Frameworks";
				PRODUCT_NAME = "$(TARGET_NAME)";
			};
			name = Debug;
		};
		701E44051B92D66D00B7A5AA /* Release */ = {
			isa = XCBuildConfiguration;
			buildSettings = {
				ASSETCATALOG_COMPILER_APPICON_NAME = AppIcon;
				INFOPLIST_FILE = "Golden Ratio/Info.plist";
				LD_RUNPATH_SEARCH_PATHS = "$(inherited) @executable_path/Frameworks";
				PRODUCT_NAME = "$(TARGET_NAME)";
			};
			name = Release;
		};
		701E44071B92D66D00B7A5AA /* Debug */ = {
			isa = XCBuildConfiguration;
			buildSettings = {
				BUNDLE_LOADER = "$(TEST_HOST)";
				FRAMEWORK_SEARCH_PATHS = (
					"$(SDKROOT)/Developer/Library/Frameworks",
					"$(inherited)",
				);
				GCC_PREPROCESSOR_DEFINITIONS = (
					"DEBUG=1",
					"$(inherited)",
				);
				INFOPLIST_FILE = "Golden RatioTests/Info.plist";
				LD_RUNPATH_SEARCH_PATHS = "$(inherited) @executable_path/Frameworks @loader_path/Frameworks";
				PRODUCT_NAME = "$(TARGET_NAME)";
				TEST_HOST = "$(BUILT_PRODUCTS_DIR)/Golden Ratio.app/Golden Ratio";
			};
			name = Debug;
		};
		701E44081B92D66D00B7A5AA /* Release */ = {
			isa = XCBuildConfiguration;
			buildSettings = {
				BUNDLE_LOADER = "$(TEST_HOST)";
				FRAMEWORK_SEARCH_PATHS = (
					"$(SDKROOT)/Developer/Library/Frameworks",
					"$(inherited)",
				);
				INFOPLIST_FILE = "Golden RatioTests/Info.plist";
				LD_RUNPATH_SEARCH_PATHS = "$(inherited) @executable_path/Frameworks @loader_path/Frameworks";
				PRODUCT_NAME = "$(TARGET_NAME)";
				TEST_HOST = "$(BUILT_PRODUCTS_DIR)/Golden Ratio.app/Golden Ratio";
			};
			name = Release;
		};
/* End XCBuildConfiguration section */

/* Begin XCConfigurationList section */
		701E43DF1B92D66D00B7A5AA /* Build configuration list for PBXProject "Golden Ratio" */ = {
			isa = XCConfigurationList;
			buildConfigurations = (
				701E44011B92D66D00B7A5AA /* Debug */,
				701E44021B92D66D00B7A5AA /* Release */,
			);
			defaultConfigurationIsVisible = 0;
			defaultConfigurationName = Release;
		};
		701E44031B92D66D00B7A5AA /* Build configuration list for PBXNativeTarget "Golden Ratio" */ = {
			isa = XCConfigurationList;
			buildConfigurations = (
				701E44041B92D66D00B7A5AA /* Debug */,
				701E44051B92D66D00B7A5AA /* Release */,
			);
			defaultConfigurationIsVisible = 0;
			defaultConfigurationName = Release;
		};
		701E44061B92D66D00B7A5AA /* Build configuration list for PBXNativeTarget "Golden RatioTests" */ = {
			isa = XCConfigurationList;
			buildConfigurations = (
				701E44071B92D66D00B7A5AA /* Debug */,
				701E44081B92D66D00B7A5AA /* Release */,
			);
			defaultConfigurationIsVisible = 0;
			defaultConfigurationName = Release;
		};
/* End XCConfigurationList section */
	};
	rootObject = 701E43DC1B92D66D00B7A5AA /* Project object */;
}
